
Microsoft Visual Studio Solution File, Format Version 12.00
# Visual Studio Version 16
VisualStudioVersion = 16.0.32228.343
MinimumVisualStudioVersion = 10.0.40219.1
Project("{FAE04EC0-301F-11D3-BF4B-00C04F79EFBC}") = "Package Express", "Package Express\Package Express.csproj", "{D1DDEA3A-8CA7-4FB2-A219-6CBC77FAE875}"
EndProject
Global
	GlobalSection(SolutionConfigurationPlatforms) = preSolution
		Debug|Any CPU = Debug|Any CPU
		Release|Any CPU = Release|Any CPU
	EndGlobalSection
	GlobalSection(ProjectConfigurationPlatforms) = postSolution
		{D1DDEA3A-8CA7-4FB2-A219-6CBC77FAE875}.Debug|Any CPU.ActiveCfg = Debug|Any CPU
		{D1DDEA3A-8CA7-4FB2-A219-6CBC77FAE875}.Debug|Any CPU.Build.0 = Debug|Any CPU
		{D1DDEA3A-8CA7-4FB2-A219-6CBC77FAE875}.Release|Any CPU.ActiveCfg = Release|Any CPU
		{D1DDEA3A-8CA7-4FB2-A219-6CBC77FAE875}.Release|Any CPU.Build.0 = Release|Any CPU
	EndGlobalSection
	GlobalSection(SolutionProperties) = preSolution
		HideSolutionNode = FALSE
	EndGlobalSection
	GlobalSection(ExtensibilityGlobals) = postSolution
		SolutionGuid = {02F08262-3E6C-4BCD-84C5-962C29A3A53D}
	EndGlobalSection
EndGlobal
