
Microsoft Visual Studio Solution File, Format Version 12.00
# Visual Studio Version 16
VisualStudioVersion = 16.0.32228.343
MinimumVisualStudioVersion = 10.0.40219.1
Project("{FAE04EC0-301F-11D3-BF4B-00C04F79EFBC}") = "Math Challenge", "Math Challenge\Math Challenge.csproj", "{89C8CE4C-BEEE-4EBB-8463-77C6081DA177}"
EndProject
Global
	GlobalSection(SolutionConfigurationPlatforms) = preSolution
		Debug|Any CPU = Debug|Any CPU
		Release|Any CPU = Release|Any CPU
	EndGlobalSection
	GlobalSection(ProjectConfigurationPlatforms) = postSolution
		{89C8CE4C-BEEE-4EBB-8463-77C6081DA177}.Debug|Any CPU.ActiveCfg = Debug|Any CPU
		{89C8CE4C-BEEE-4EBB-8463-77C6081DA177}.Debug|Any CPU.Build.0 = Debug|Any CPU
		{89C8CE4C-BEEE-4EBB-8463-77C6081DA177}.Release|Any CPU.ActiveCfg = Release|Any CPU
		{89C8CE4C-BEEE-4EBB-8463-77C6081DA177}.Release|Any CPU.Build.0 = Release|Any CPU
	EndGlobalSection
	GlobalSection(SolutionProperties) = preSolution
		HideSolutionNode = FALSE
	EndGlobalSection
	GlobalSection(ExtensibilityGlobals) = postSolution
		SolutionGuid = {0B9B400A-17DA-407E-97DC-8D1A0B60132E}
	EndGlobalSection
EndGlobal
