
Microsoft Visual Studio Solution File, Format Version 12.00
# Visual Studio Version 16
VisualStudioVersion = 16.0.32228.343
MinimumVisualStudioVersion = 10.0.40219.1
Project("{FAE04EC0-301F-11D3-BF4B-00C04F79EFBC}") = "Daily Report", "Daily Report\Daily Report.csproj", "{79D7414C-12E0-4ADC-B86C-9B0D81700B5B}"
EndProject
Global
	GlobalSection(SolutionConfigurationPlatforms) = preSolution
		Debug|Any CPU = Debug|Any CPU
		Release|Any CPU = Release|Any CPU
	EndGlobalSection
	GlobalSection(ProjectConfigurationPlatforms) = postSolution
		{79D7414C-12E0-4ADC-B86C-9B0D81700B5B}.Debug|Any CPU.ActiveCfg = Debug|Any CPU
		{79D7414C-12E0-4ADC-B86C-9B0D81700B5B}.Debug|Any CPU.Build.0 = Debug|Any CPU
		{79D7414C-12E0-4ADC-B86C-9B0D81700B5B}.Release|Any CPU.ActiveCfg = Release|Any CPU
		{79D7414C-12E0-4ADC-B86C-9B0D81700B5B}.Release|Any CPU.Build.0 = Release|Any CPU
	EndGlobalSection
	GlobalSection(SolutionProperties) = preSolution
		HideSolutionNode = FALSE
	EndGlobalSection
	GlobalSection(ExtensibilityGlobals) = postSolution
		SolutionGuid = {C807FBDC-71C1-439C-87FF-EFC081E83C94}
	EndGlobalSection
EndGlobal
