
Microsoft Visual Studio Solution File, Format Version 12.00
# Visual Studio Version 16
VisualStudioVersion = 16.0.32228.343
MinimumVisualStudioVersion = 10.0.40219.1
Project("{FAE04EC0-301F-11D3-BF4B-00C04F79EFBC}") = "StringsExercise", "StringsExercise\StringsExercise.csproj", "{DF46BAC8-D9BE-4D89-BCB7-0485EF7C35BE}"
EndProject
Global
	GlobalSection(SolutionConfigurationPlatforms) = preSolution
		Debug|Any CPU = Debug|Any CPU
		Release|Any CPU = Release|Any CPU
	EndGlobalSection
	GlobalSection(ProjectConfigurationPlatforms) = postSolution
		{DF46BAC8-D9BE-4D89-BCB7-0485EF7C35BE}.Debug|Any CPU.ActiveCfg = Debug|Any CPU
		{DF46BAC8-D9BE-4D89-BCB7-0485EF7C35BE}.Debug|Any CPU.Build.0 = Debug|Any CPU
		{DF46BAC8-D9BE-4D89-BCB7-0485EF7C35BE}.Release|Any CPU.ActiveCfg = Release|Any CPU
		{DF46BAC8-D9BE-4D89-BCB7-0485EF7C35BE}.Release|Any CPU.Build.0 = Release|Any CPU
	EndGlobalSection
	GlobalSection(SolutionProperties) = preSolution
		HideSolutionNode = FALSE
	EndGlobalSection
	GlobalSection(ExtensibilityGlobals) = postSolution
		SolutionGuid = {5BD4B5E7-ED4D-4113-B0F5-A3983E275F32}
	EndGlobalSection
EndGlobal
